// !$*UTF8*$!
{
	archiveVersion = 1;
	classes = {
	};
	objectVersion = 46;
	objects = {

/* Begin PBXBuildFile section */
		624EDFD91A8585CF00EBB6D7 /* Foundation.framework in Frameworks */ = {isa = PBXBuildFile; fileRef = 624EDFD81A8585CF00EBB6D7 /* Foundation.framework */; };
		624EDFDB1A8585CF00EBB6D7 /* CoreGraphics.framework in Frameworks */ = {isa = PBXBuildFile; fileRef = 624EDFDA1A8585CF00EBB6D7 /* CoreGraphics.framework */; };
		624EDFDD1A8585CF00EBB6D7 /* UIKit.framework in Frameworks */ = {isa = PBXBuildFile; fileRef = 624EDFDC1A8585CF00EBB6D7 /* UIKit.framework */; };
		624EDFE31A8585CF00EBB6D7 /* InfoPlist.strings in Resources */ = {isa = PBXBuildFile; fileRef = 624EDFE11A8585CF00EBB6D7 /* InfoPlist.strings */; };
		624EDFE51A8585CF00EBB6D7 /* main.m in Sources */ = {isa = PBXBuildFile; fileRef = 624EDFE41A8585CF00EBB6D7 /* main.m */; };
		624EDFE91A8585CF00EBB6D7 /* AppDelegate.m in Sources */ = {isa = PBXBuildFile; fileRef = 624EDFE81A8585CF00EBB6D7 /* AppDelegate.m */; };
		624EDFEC1A8585CF00EBB6D7 /* Main.storyboard in Resources */ = {isa = PBXBuildFile; fileRef = 624EDFEA1A8585CF00EBB6D7 /* Main.storyboard */; };
		624EDFEF1A8585CF00EBB6D7 /* ViewController.m in Sources */ = {isa = PBXBuildFile; fileRef = 624EDFEE1A8585CF00EBB6D7 /* ViewController.m */; };
		624EDFF11A8585CF00EBB6D7 /* Images.xcassets in Resources */ = {isa = PBXBuildFile; fileRef = 624EDFF01A8585CF00EBB6D7 /* Images.xcassets */; };
		624EDFF81A8585CF00EBB6D7 /* XCTest.framework in Frameworks */ = {isa = PBXBuildFile; fileRef = 624EDFF71A8585CF00EBB6D7 /* XCTest.framework */; };
		624EDFF91A8585CF00EBB6D7 /* Foundation.framework in Frameworks */ = {isa = PBXBuildFile; fileRef = 624EDFD81A8585CF00EBB6D7 /* Foundation.framework */; };
		624EDFFA1A8585CF00EBB6D7 /* UIKit.framework in Frameworks */ = {isa = PBXBuildFile; fileRef = 624EDFDC1A8585CF00EBB6D7 /* UIKit.framework */; };
		624EE0021A8585CF00EBB6D7 /* InfoPlist.strings in Resources */ = {isa = PBXBuildFile; fileRef = 624EE0001A8585CF00EBB6D7 /* InfoPlist.strings */; };
		624EE0041A8585CF00EBB6D7 /* sliderTests.m in Sources */ = {isa = PBXBuildFile; fileRef = 624EE0031A8585CF00EBB6D7 /* sliderTests.m */; };
/* End PBXBuildFile section */

/* Begin PBXContainerItemProxy section */
		624EDFFB1A8585CF00EBB6D7 /* PBXContainerItemProxy */ = {
			isa = PBXContainerItemProxy;
			containerPortal = 624EDFCD1A8585CF00EBB6D7 /* Project object */;
			proxyType = 1;
			remoteGlobalIDString = 624EDFD41A8585CF00EBB6D7;
			remoteInfo = slider;
		};
/* End PBXContainerItemProxy section */

/* Begin PBXFileReference section */
		624EDFD51A8585CF00EBB6D7 /* slider.app */ = {isa = PBXFileReference; explicitFileType = wrapper.application; includeInIndex = 0; path = slider.app; sourceTree = BUILT_PRODUCTS_DIR; };
		624EDFD81A8585CF00EBB6D7 /* Foundation.framework */ = {isa = PBXFileReference; lastKnownFileType = wrapper.framework; name = Foundation.framework; path = System/Library/Frameworks/Foundation.framework; sourceTree = SDKROOT; };
		624EDFDA1A8585CF00EBB6D7 /* CoreGraphics.framework */ = {isa = PBXFileReference; lastKnownFileType = wrapper.framework; name = CoreGraphics.framework; path = System/Library/Frameworks/CoreGraphics.framework; sourceTree = SDKROOT; };
		624EDFDC1A8585CF00EBB6D7 /* UIKit.framework */ = {isa = PBXFileReference; lastKnownFileType = wrapper.framework; name = UIKit.framework; path = System/Library/Frameworks/UIKit.framework; sourceTree = SDKROOT; };
		624EDFE01A8585CF00EBB6D7 /* slider-Info.plist */ = {isa = PBXFileReference; lastKnownFileType = text.plist.xml; path = "slider-Info.plist"; sourceTree = "<group>"; };
		624EDFE21A8585CF00EBB6D7 /* en */ = {isa = PBXFileReference; lastKnownFileType = text.plist.strings; name = en; path = en.lproj/InfoPlist.strings; sourceTree = "<group>"; };
		624EDFE41A8585CF00EBB6D7 /* main.m */ = {isa = PBXFileReference; lastKnownFileType = sourcecode.c.objc; path = main.m; sourceTree = "<group>"; };
		624EDFE61A8585CF00EBB6D7 /* slider-Prefix.pch */ = {isa = PBXFileReference; lastKnownFileType = sourcecode.c.h; path = "slider-Prefix.pch"; sourceTree = "<group>"; };
		624EDFE71A8585CF00EBB6D7 /* AppDelegate.h */ = {isa = PBXFileReference; lastKnownFileType = sourcecode.c.h; path = AppDelegate.h; sourceTree = "<group>"; };
		624EDFE81A8585CF00EBB6D7 /* AppDelegate.m */ = {isa = PBXFileReference; lastKnownFileType = sourcecode.c.objc; path = AppDelegate.m; sourceTree = "<group>"; };
		624EDFEB1A8585CF00EBB6D7 /* Base */ = {isa = PBXFileReference; lastKnownFileType = file.storyboard; name = Base; path = Base.lproj/Main.storyboard; sourceTree = "<group>"; };
		624EDFED1A8585CF00EBB6D7 /* ViewController.h */ = {isa = PBXFileReference; lastKnownFileType = sourcecode.c.h; path = ViewController.h; sourceTree = "<group>"; };
		624EDFEE1A8585CF00EBB6D7 /* ViewController.m */ = {isa = PBXFileReference; lastKnownFileType = sourcecode.c.objc; path = ViewController.m; sourceTree = "<group>"; };
		624EDFF01A8585CF00EBB6D7 /* Images.xcassets */ = {isa = PBXFileReference; lastKnownFileType = folder.assetcatalog; path = Images.xcassets; sourceTree = "<group>"; };
		624EDFF61A8585CF00EBB6D7 /* sliderTests.xctest */ = {isa = PBXFileReference; explicitFileType = wrapper.cfbundle; includeInIndex = 0; path = sliderTests.xctest; sourceTree = BUILT_PRODUCTS_DIR; };
		624EDFF71A8585CF00EBB6D7 /* XCTest.framework */ = {isa = PBXFileReference; lastKnownFileType = wrapper.framework; name = XCTest.framework; path = Library/Frameworks/XCTest.framework; sourceTree = DEVELOPER_DIR; };
		624EDFFF1A8585CF00EBB6D7 /* sliderTests-Info.plist */ = {isa = PBXFileReference; lastKnownFileType = text.plist.xml; path = "sliderTests-Info.plist"; sourceTree = "<group>"; };
		624EE0011A8585CF00EBB6D7 /* en */ = {isa = PBXFileReference; lastKnownFileType = text.plist.strings; name = en; path = en.lproj/InfoPlist.strings; sourceTree = "<group>"; };
		624EE0031A8585CF00EBB6D7 /* sliderTests.m */ = {isa = PBXFileReference; lastKnownFileType = sourcecode.c.objc; path = sliderTests.m; sourceTree = "<group>"; };
/* End PBXFileReference section */

/* Begin PBXFrameworksBuildPhase section */
		624EDFD21A8585CF00EBB6D7 /* Frameworks */ = {
			isa = PBXFrameworksBuildPhase;
			buildActionMask = 2147483647;
			files = (
				624EDFDB1A8585CF00EBB6D7 /* CoreGraphics.framework in Frameworks */,
				624EDFDD1A8585CF00EBB6D7 /* UIKit.framework in Frameworks */,
				624EDFD91A8585CF00EBB6D7 /* Foundation.framework in Frameworks */,
			);
			runOnlyForDeploymentPostprocessing = 0;
		};
		624EDFF31A8585CF00EBB6D7 /* Frameworks */ = {
			isa = PBXFrameworksBuildPhase;
			buildActionMask = 2147483647;
			files = (
				624EDFF81A8585CF00EBB6D7 /* XCTest.framework in Frameworks */,
				624EDFFA1A8585CF00EBB6D7 /* UIKit.framework in Frameworks */,
				624EDFF91A8585CF00EBB6D7 /* Foundation.framework in Frameworks */,
			);
			runOnlyForDeploymentPostprocessing = 0;
		};
/* End PBXFrameworksBuildPhase section */

/* Begin PBXGroup section */
		624EDFCC1A8585CF00EBB6D7 = {
			isa = PBXGroup;
			children = (
				624EDFDE1A8585CF00EBB6D7 /* slider */,
				624EDFFD1A8585CF00EBB6D7 /* sliderTests */,
				624EDFD71A8585CF00EBB6D7 /* Frameworks */,
				624EDFD61A8585CF00EBB6D7 /* Products */,
			);
			sourceTree = "<group>";
		};
		624EDFD61A8585CF00EBB6D7 /* Products */ = {
			isa = PBXGroup;
			children = (
				624EDFD51A8585CF00EBB6D7 /* slider.app */,
				624EDFF61A8585CF00EBB6D7 /* sliderTests.xctest */,
			);
			name = Products;
			sourceTree = "<group>";
		};
		624EDFD71A8585CF00EBB6D7 /* Frameworks */ = {
			isa = PBXGroup;
			children = (
				624EDFD81A8585CF00EBB6D7 /* Foundation.framework */,
				624EDFDA1A8585CF00EBB6D7 /* CoreGraphics.framework */,
				624EDFDC1A8585CF00EBB6D7 /* UIKit.framework */,
				624EDFF71A8585CF00EBB6D7 /* XCTest.framework */,
			);
			name = Frameworks;
			sourceTree = "<group>";
		};
		624EDFDE1A8585CF00EBB6D7 /* slider */ = {
			isa = PBXGroup;
			children = (
				624EDFE71A8585CF00EBB6D7 /* AppDelegate.h */,
				624EDFE81A8585CF00EBB6D7 /* AppDelegate.m */,
				624EDFEA1A8585CF00EBB6D7 /* Main.storyboard */,
				624EDFED1A8585CF00EBB6D7 /* ViewController.h */,
				624EDFEE1A8585CF00EBB6D7 /* ViewController.m */,
				624EDFF01A8585CF00EBB6D7 /* Images.xcassets */,
				624EDFDF1A8585CF00EBB6D7 /* Supporting Files */,
			);
			path = slider;
			sourceTree = "<group>";
		};
		624EDFDF1A8585CF00EBB6D7 /* Supporting Files */ = {
			isa = PBXGroup;
			children = (
				624EDFE01A8585CF00EBB6D7 /* slider-Info.plist */,
				624EDFE11A8585CF00EBB6D7 /* InfoPlist.strings */,
				624EDFE41A8585CF00EBB6D7 /* main.m */,
				624EDFE61A8585CF00EBB6D7 /* slider-Prefix.pch */,
			);
			name = "Supporting Files";
			sourceTree = "<group>";
		};
		624EDFFD1A8585CF00EBB6D7 /* sliderTests */ = {
			isa = PBXGroup;
			children = (
				624EE0031A8585CF00EBB6D7 /* sliderTests.m */,
				624EDFFE1A8585CF00EBB6D7 /* Supporting Files */,
			);
			path = sliderTests;
			sourceTree = "<group>";
		};
		624EDFFE1A8585CF00EBB6D7 /* Supporting Files */ = {
			isa = PBXGroup;
			children = (
				624EDFFF1A8585CF00EBB6D7 /* sliderTests-Info.plist */,
				624EE0001A8585CF00EBB6D7 /* InfoPlist.strings */,
			);
			name = "Supporting Files";
			sourceTree = "<group>";
		};
/* End PBXGroup section */

/* Begin PBXNativeTarget section */
		624EDFD41A8585CF00EBB6D7 /* slider */ = {
			isa = PBXNativeTarget;
			buildConfigurationList = 624EE0071A8585CF00EBB6D7 /* Build configuration list for PBXNativeTarget "slider" */;
			buildPhases = (
				624EDFD11A8585CF00EBB6D7 /* Sources */,
				624EDFD21A8585CF00EBB6D7 /* Frameworks */,
				624EDFD31A8585CF00EBB6D7 /* Resources */,
			);
			buildRules = (
			);
			dependencies = (
			);
			name = slider;
			productName = slider;
			productReference = 624EDFD51A8585CF00EBB6D7 /* slider.app */;
			productType = "com.apple.product-type.application";
		};
		624EDFF51A8585CF00EBB6D7 /* sliderTests */ = {
			isa = PBXNativeTarget;
			buildConfigurationList = 624EE00A1A8585CF00EBB6D7 /* Build configuration list for PBXNativeTarget "sliderTests" */;
			buildPhases = (
				624EDFF21A8585CF00EBB6D7 /* Sources */,
				624EDFF31A8585CF00EBB6D7 /* Frameworks */,
				624EDFF41A8585CF00EBB6D7 /* Resources */,
			);
			buildRules = (
			);
			dependencies = (
				624EDFFC1A8585CF00EBB6D7 /* PBXTargetDependency */,
			);
			name = sliderTests;
			productName = sliderTests;
			productReference = 624EDFF61A8585CF00EBB6D7 /* sliderTests.xctest */;
			productType = "com.apple.product-type.bundle.unit-test";
		};
/* End PBXNativeTarget section */

/* Begin PBXProject section */
		624EDFCD1A8585CF00EBB6D7 /* Project object */ = {
			isa = PBXProject;
			attributes = {
				LastUpgradeCheck = 0510;
				ORGANIZATIONNAME = lcc;
				TargetAttributes = {
					624EDFF51A8585CF00EBB6D7 = {
						TestTargetID = 624EDFD41A8585CF00EBB6D7;
					};
				};
			};
			buildConfigurationList = 624EDFD01A8585CF00EBB6D7 /* Build configuration list for PBXProject "slider" */;
			compatibilityVersion = "Xcode 3.2";
			developmentRegion = English;
			hasScannedForEncodings = 0;
			knownRegions = (
				en,
				Base,
			);
			mainGroup = 624EDFCC1A8585CF00EBB6D7;
			productRefGroup = 624EDFD61A8585CF00EBB6D7 /* Products */;
			projectDirPath = "";
			projectRoot = "";
			targets = (
				624EDFD41A8585CF00EBB6D7 /* slider */,
				624EDFF51A8585CF00EBB6D7 /* sliderTests */,
			);
		};
/* End PBXProject section */

/* Begin PBXResourcesBuildPhase section */
		624EDFD31A8585CF00EBB6D7 /* Resources */ = {
			isa = PBXResourcesBuildPhase;
			buildActionMask = 2147483647;
			files = (
				624EDFF11A8585CF00EBB6D7 /* Images.xcassets in Resources */,
				624EDFE31A8585CF00EBB6D7 /* InfoPlist.strings in Resources */,
				624EDFEC1A8585CF00EBB6D7 /* Main.storyboard in Resources */,
			);
			runOnlyForDeploymentPostprocessing = 0;
		};
		624EDFF41A8585CF00EBB6D7 /* Resources */ = {
			isa = PBXResourcesBuildPhase;
			buildActionMask = 2147483647;
			files = (
				624EE0021A8585CF00EBB6D7 /* InfoPlist.strings in Resources */,
			);
			runOnlyForDeploymentPostprocessing = 0;
		};
/* End PBXResourcesBuildPhase section */

/* Begin PBXSourcesBuildPhase section */
		624EDFD11A8585CF00EBB6D7 /* Sources */ = {
			isa = PBXSourcesBuildPhase;
			buildActionMask = 2147483647;
			files = (
				624EDFEF1A8585CF00EBB6D7 /* ViewController.m in Sources */,
				624EDFE91A8585CF00EBB6D7 /* AppDelegate.m in Sources */,
				624EDFE51A8585CF00EBB6D7 /* main.m in Sources */,
			);
			runOnlyForDeploymentPostprocessing = 0;
		};
		624EDFF21A8585CF00EBB6D7 /* Sources */ = {
			isa = PBXSourcesBuildPhase;
			buildActionMask = 2147483647;
			files = (
				624EE0041A8585CF00EBB6D7 /* sliderTests.m in Sources */,
			);
			runOnlyForDeploymentPostprocessing = 0;
		};
/* End PBXSourcesBuildPhase section */

/* Begin PBXTargetDependency section */
		624EDFFC1A8585CF00EBB6D7 /* PBXTargetDependency */ = {
			isa = PBXTargetDependency;
			target = 624EDFD41A8585CF00EBB6D7 /* slider */;
			targetProxy = 624EDFFB1A8585CF00EBB6D7 /* PBXContainerItemProxy */;
		};
/* End PBXTargetDependency section */

/* Begin PBXVariantGroup section */
		624EDFE11A8585CF00EBB6D7 /* InfoPlist.strings */ = {
			isa = PBXVariantGroup;
			children = (
				624EDFE21A8585CF00EBB6D7 /* en */,
			);
			name = InfoPlist.strings;
			sourceTree = "<group>";
		};
		624EDFEA1A8585CF00EBB6D7 /* Main.storyboard */ = {
			isa = PBXVariantGroup;
			children = (
				624EDFEB1A8585CF00EBB6D7 /* Base */,
			);
			name = Main.storyboard;
			sourceTree = "<group>";
		};
		624EE0001A8585CF00EBB6D7 /* InfoPlist.strings */ = {
			isa = PBXVariantGroup;
			children = (
				624EE0011A8585CF00EBB6D7 /* en */,
			);
			name = InfoPlist.strings;
			sourceTree = "<group>";
		};
/* End PBXVariantGroup section */

/* Begin XCBuildConfiguration section */
		624EE0051A8585CF00EBB6D7 /* Debug */ = {
			isa = XCBuildConfiguration;
			buildSettings = {
				ALWAYS_SEARCH_USER_PATHS = NO;
				CLANG_CXX_LANGUAGE_STANDARD = "gnu++0x";
				CLANG_CXX_LIBRARY = "libc++";
				CLANG_ENABLE_MODULES = YES;
				CLANG_ENABLE_OBJC_ARC = YES;
				CLANG_WARN_BOOL_CONVERSION = YES;
				CLANG_WARN_CONSTANT_CONVERSION = YES;
				CLANG_WARN_DIRECT_OBJC_ISA_USAGE = YES_ERROR;
				CLANG_WARN_EMPTY_BODY = YES;
				CLANG_WARN_ENUM_CONVERSION = YES;
				CLANG_WARN_INT_CONVERSION = YES;
				CLANG_WARN_OBJC_ROOT_CLASS = YES_ERROR;
				CLANG_WARN__DUPLICATE_METHOD_MATCH = YES;
				"CODE_SIGN_IDENTITY[sdk=iphoneos*]" = "iPhone Developer";
				COPY_PHASE_STRIP = NO;
				GCC_C_LANGUAGE_STANDARD = gnu99;
				GCC_DYNAMIC_NO_PIC = NO;
				GCC_OPTIMIZATION_LEVEL = 0;
				GCC_PREPROCESSOR_DEFINITIONS = (
					"DEBUG=1",
					"$(inherited)",
				);
				GCC_SYMBOLS_PRIVATE_EXTERN = NO;
				GCC_WARN_64_TO_32_BIT_CONVERSION = YES;
				GCC_WARN_ABOUT_RETURN_TYPE = YES_ERROR;
				GCC_WARN_UNDECLARED_SELECTOR = YES;
				GCC_WARN_UNINITIALIZED_AUTOS = YES_AGGRESSIVE;
				GCC_WARN_UNUSED_FUNCTION = YES;
				GCC_WARN_UNUSED_VARIABLE = YES;
				IPHONEOS_DEPLOYMENT_TARGET = 7.1;
				ONLY_ACTIVE_ARCH = YES;
				SDKROOT = iphoneos;
			};
			name = Debug;
		};
		624EE0061A8585CF00EBB6D7 /* Release */ = {
			isa = XCBuildConfiguration;
			buildSettings = {
				ALWAYS_SEARCH_USER_PATHS = NO;
				CLANG_CXX_LANGUAGE_STANDARD = "gnu++0x";
				CLANG_CXX_LIBRARY = "libc++";
				CLANG_ENABLE_MODULES = YES;
				CLANG_ENABLE_OBJC_ARC = YES;
				CLANG_WARN_BOOL_CONVERSION = YES;
				CLANG_WARN_CONSTANT_CONVERSION = YES;
				CLANG_WARN_DIRECT_OBJC_ISA_USAGE = YES_ERROR;
				CLANG_WARN_EMPTY_BODY = YES;
				CLANG_WARN_ENUM_CONVERSION = YES;
				CLANG_WARN_INT_CONVERSION = YES;
				CLANG_WARN_OBJC_ROOT_CLASS = YES_ERROR;
				CLANG_WARN__DUPLICATE_METHOD_MATCH = YES;
				"CODE_SIGN_IDENTITY[sdk=iphoneos*]" = "iPhone Developer";
				COPY_PHASE_STRIP = YES;
				ENABLE_NS_ASSERTIONS = NO;
				GCC_C_LANGUAGE_STANDARD = gnu99;
				GCC_WARN_64_TO_32_BIT_CONVERSION = YES;
				GCC_WARN_ABOUT_RETURN_TYPE = YES_ERROR;
				GCC_WARN_UNDECLARED_SELECTOR = YES;
				GCC_WARN_UNINITIALIZED_AUTOS = YES_AGGRESSIVE;
				GCC_WARN_UNUSED_FUNCTION = YES;
				GCC_WARN_UNUSED_VARIABLE = YES;
				IPHONEOS_DEPLOYMENT_TARGET = 7.1;
				SDKROOT = iphoneos;
				VALIDATE_PRODUCT = YES;
			};
			name = Release;
		};
		624EE0081A8585CF00EBB6D7 /* Debug */ = {
			isa = XCBuildConfiguration;
			buildSettings = {
				ASSETCATALOG_COMPILER_APPICON_NAME = AppIcon;
				ASSETCATALOG_COMPILER_LAUNCHIMAGE_NAME = LaunchImage;
				GCC_PRECOMPILE_PREFIX_HEADER = YES;
				GCC_PREFIX_HEADER = "slider/slider-Prefix.pch";
				INFOPLIST_FILE = "slider/slider-Info.plist";
				PRODUCT_NAME = "$(TARGET_NAME)";
				WRAPPER_EXTENSION = app;
			};
			name = Debug;
		};
		624EE0091A8585CF00EBB6D7 /* Release */ = {
			isa = XCBuildConfiguration;
			buildSettings = {
				ASSETCATALOG_COMPILER_APPICON_NAME = AppIcon;
				ASSETCATALOG_COMPILER_LAUNCHIMAGE_NAME = LaunchImage;
				GCC_PRECOMPILE_PREFIX_HEADER = YES;
				GCC_PREFIX_HEADER = "slider/slider-Prefix.pch";
				INFOPLIST_FILE = "slider/slider-Info.plist";
				PRODUCT_NAME = "$(TARGET_NAME)";
				WRAPPER_EXTENSION = app;
			};
			name = Release;
		};
		624EE00B1A8585CF00EBB6D7 /* Debug */ = {
			isa = XCBuildConfiguration;
			buildSettings = {
				BUNDLE_LOADER = "$(BUILT_PRODUCTS_DIR)/slider.app/slider";
				FRAMEWORK_SEARCH_PATHS = (
					"$(SDKROOT)/Developer/Library/Frameworks",
					"$(inherited)",
					"$(DEVELOPER_FRAMEWORKS_DIR)",
				);
				GCC_PRECOMPILE_PREFIX_HEADER = YES;
				GCC_PREFIX_HEADER = "slider/slider-Prefix.pch";
				GCC_PREPROCESSOR_DEFINITIONS = (
					"DEBUG=1",
					"$(inherited)",
				);
				INFOPLIST_FILE = "sliderTests/sliderTests-Info.plist";
				PRODUCT_NAME = "$(TARGET_NAME)";
				TEST_HOST = "$(BUNDLE_LOADER)";
				WRAPPER_EXTENSION = xctest;
			};
			name = Debug;
		};
		624EE00C1A8585CF00EBB6D7 /* Release */ = {
			isa = XCBuildConfiguration;
			buildSettings = {
				BUNDLE_LOADER = "$(BUILT_PRODUCTS_DIR)/slider.app/slider";
				FRAMEWORK_SEARCH_PATHS = (
					"$(SDKROOT)/Developer/Library/Frameworks",
					"$(inherited)",
					"$(DEVELOPER_FRAMEWORKS_DIR)",
				);
				GCC_PRECOMPILE_PREFIX_HEADER = YES;
				GCC_PREFIX_HEADER = "slider/slider-Prefix.pch";
				INFOPLIST_FILE = "sliderTests/sliderTests-Info.plist";
				PRODUCT_NAME = "$(TARGET_NAME)";
				TEST_HOST = "$(BUNDLE_LOADER)";
				WRAPPER_EXTENSION = xctest;
			};
			name = Release;
		};
/* End XCBuildConfiguration section */

/* Begin XCConfigurationList section */
		624EDFD01A8585CF00EBB6D7 /* Build configuration list for PBXProject "slider" */ = {
			isa = XCConfigurationList;
			buildConfigurations = (
				624EE0051A8585CF00EBB6D7 /* Debug */,
				624EE0061A8585CF00EBB6D7 /* Release */,
			);
			defaultConfigurationIsVisible = 0;
			defaultConfigurationName = Release;
		};
		624EE0071A8585CF00EBB6D7 /* Build configuration list for PBXNativeTarget "slider" */ = {
			isa = XCConfigurationList;
			buildConfigurations = (
				624EE0081A8585CF00EBB6D7 /* Debug */,
				624EE0091A8585CF00EBB6D7 /* Release */,
			);
			defaultConfigurationIsVisible = 0;
		};
		624EE00A1A8585CF00EBB6D7 /* Build configuration list for PBXNativeTarget "sliderTests" */ = {
			isa = XCConfigurationList;
			buildConfigurations = (
				624EE00B1A8585CF00EBB6D7 /* Debug */,
				624EE00C1A8585CF00EBB6D7 /* Release */,
			);
			defaultConfigurationIsVisible = 0;
		};
/* End XCConfigurationList section */
	};
	rootObject = 624EDFCD1A8585CF00EBB6D7 /* Project object */;
}
